{
  "name": "chegg-autoload-extension",
  "version": "1.0.0",
  "lockfileVersion": 3,
  "requires": true,
  "packages": {
    "": {
      "name": "chegg-autoload-extension",
      "version": "1.0.0",
      "license": "ISC",
      "devDependencies": {
        "chrome-types": "^0.1.343"
      }
    },
    "node_modules/chrome-types": {
      "version": "0.1.343",
      "resolved": "https://registry.npmjs.org/chrome-types/-/chrome-types-0.1.343.tgz",
      "integrity": "sha512-yd7pgg9mIcgXmlDoHiOiOQ02ixqFB3GobULZ3XB7L6MM9faVkOrjRtCyKCWP1NAs/cfJNFvAnSkgVW1+zFhlvw==",
      "dev": true,
      "license": "Apache-2.0"
    }
  }
}
